
Microsoft Visual Studio Solution File, Format Version 12.00
# Visual Studio Version 17
VisualStudioVersion = 17.13.35919.96 d17.13
MinimumVisualStudioVersion = 10.0.40219.1
Project("{FAE04EC0-301F-11D3-BF4B-00C04F79EFBC}") = "bai3.c#", "bai3.c#\bai3.c#.csproj", "{56E168AF-C15A-4364-8AA6-7771639BF300}"
EndProject
Global
	GlobalSection(SolutionConfigurationPlatforms) = preSolution
		Debug|Any CPU = Debug|Any CPU
		Release|Any CPU = Release|Any CPU
	EndGlobalSection
	GlobalSection(ProjectConfigurationPlatforms) = postSolution
		{56E168AF-C15A-4364-8AA6-7771639BF300}.Debug|Any CPU.ActiveCfg = Debug|Any CPU
		{56E168AF-C15A-4364-8AA6-7771639BF300}.Debug|Any CPU.Build.0 = Debug|Any CPU
		{56E168AF-C15A-4364-8AA6-7771639BF300}.Release|Any CPU.ActiveCfg = Release|Any CPU
		{56E168AF-C15A-4364-8AA6-7771639BF300}.Release|Any CPU.Build.0 = Release|Any CPU
	EndGlobalSection
	GlobalSection(SolutionProperties) = preSolution
		HideSolutionNode = FALSE
	EndGlobalSection
	GlobalSection(ExtensibilityGlobals) = postSolution
		SolutionGuid = {3D80BE8A-E858-49B6-89ED-FFA27C667EF2}
	EndGlobalSection
EndGlobal
