
Microsoft Visual Studio Solution File, Format Version 12.00
# Visual Studio Version 17
VisualStudioVersion = 17.13.35919.96
MinimumVisualStudioVersion = 10.0.40219.1
Project("{FAE04EC0-301F-11D3-BF4B-00C04F79EFBC}") = "Bài 1", "Bài 1\Bài 1.csproj", "{92219F30-DAE7-49A7-BFFC-00252EE58682}"
EndProject
Project("{FAE04EC0-301F-11D3-BF4B-00C04F79EFBC}") = "Bài 2", "Bài 2\Bài 2.csproj", "{17E9B575-4703-4370-B3EB-24B3C755B920}"
EndProject
Project("{FAE04EC0-301F-11D3-BF4B-00C04F79EFBC}") = "Bài 3", "Bài 3\Bài 3.csproj", "{75831EC9-BFC5-4B27-84BD-AF75DB94B2DD}"
EndProject
Project("{FAE04EC0-301F-11D3-BF4B-00C04F79EFBC}") = "Bài 4", "Bài 4\Bài 4.csproj", "{233186D5-FBE5-4714-B001-31348C5B527D}"
EndProject
Project("{FAE04EC0-301F-11D3-BF4B-00C04F79EFBC}") = "Bài 5", "Bài 5\Bài 5.csproj", "{E2AC8DDC-41BA-476D-9A31-94E5358C35B0}"
EndProject
Project("{FAE04EC0-301F-11D3-BF4B-00C04F79EFBC}") = "Bài 6", "Bài 6\Bài 6.csproj", "{7B8D8F90-8349-4954-A349-9A585C4F63AF}"
EndProject
Global
	GlobalSection(SolutionConfigurationPlatforms) = preSolution
		Debug|Any CPU = Debug|Any CPU
		Release|Any CPU = Release|Any CPU
	EndGlobalSection
	GlobalSection(ProjectConfigurationPlatforms) = postSolution
		{92219F30-DAE7-49A7-BFFC-00252EE58682}.Debug|Any CPU.ActiveCfg = Debug|Any CPU
		{92219F30-DAE7-49A7-BFFC-00252EE58682}.Debug|Any CPU.Build.0 = Debug|Any CPU
		{92219F30-DAE7-49A7-BFFC-00252EE58682}.Release|Any CPU.ActiveCfg = Release|Any CPU
		{92219F30-DAE7-49A7-BFFC-00252EE58682}.Release|Any CPU.Build.0 = Release|Any CPU
		{17E9B575-4703-4370-B3EB-24B3C755B920}.Debug|Any CPU.ActiveCfg = Debug|Any CPU
		{17E9B575-4703-4370-B3EB-24B3C755B920}.Debug|Any CPU.Build.0 = Debug|Any CPU
		{17E9B575-4703-4370-B3EB-24B3C755B920}.Release|Any CPU.ActiveCfg = Release|Any CPU
		{17E9B575-4703-4370-B3EB-24B3C755B920}.Release|Any CPU.Build.0 = Release|Any CPU
		{75831EC9-BFC5-4B27-84BD-AF75DB94B2DD}.Debug|Any CPU.ActiveCfg = Debug|Any CPU
		{75831EC9-BFC5-4B27-84BD-AF75DB94B2DD}.Debug|Any CPU.Build.0 = Debug|Any CPU
		{75831EC9-BFC5-4B27-84BD-AF75DB94B2DD}.Release|Any CPU.ActiveCfg = Release|Any CPU
		{75831EC9-BFC5-4B27-84BD-AF75DB94B2DD}.Release|Any CPU.Build.0 = Release|Any CPU
		{233186D5-FBE5-4714-B001-31348C5B527D}.Debug|Any CPU.ActiveCfg = Debug|Any CPU
		{233186D5-FBE5-4714-B001-31348C5B527D}.Debug|Any CPU.Build.0 = Debug|Any CPU
		{233186D5-FBE5-4714-B001-31348C5B527D}.Release|Any CPU.ActiveCfg = Release|Any CPU
		{233186D5-FBE5-4714-B001-31348C5B527D}.Release|Any CPU.Build.0 = Release|Any CPU
		{E2AC8DDC-41BA-476D-9A31-94E5358C35B0}.Debug|Any CPU.ActiveCfg = Debug|Any CPU
		{E2AC8DDC-41BA-476D-9A31-94E5358C35B0}.Debug|Any CPU.Build.0 = Debug|Any CPU
		{E2AC8DDC-41BA-476D-9A31-94E5358C35B0}.Release|Any CPU.ActiveCfg = Release|Any CPU
		{E2AC8DDC-41BA-476D-9A31-94E5358C35B0}.Release|Any CPU.Build.0 = Release|Any CPU
		{7B8D8F90-8349-4954-A349-9A585C4F63AF}.Debug|Any CPU.ActiveCfg = Debug|Any CPU
		{7B8D8F90-8349-4954-A349-9A585C4F63AF}.Debug|Any CPU.Build.0 = Debug|Any CPU
		{7B8D8F90-8349-4954-A349-9A585C4F63AF}.Release|Any CPU.ActiveCfg = Release|Any CPU
		{7B8D8F90-8349-4954-A349-9A585C4F63AF}.Release|Any CPU.Build.0 = Release|Any CPU
	EndGlobalSection
	GlobalSection(SolutionProperties) = preSolution
		HideSolutionNode = FALSE
	EndGlobalSection
	GlobalSection(ExtensibilityGlobals) = postSolution
		SolutionGuid = {DDD75B2C-D36C-4AB5-AE86-9ACE256A4821}
	EndGlobalSection
EndGlobal
