
Microsoft Visual Studio Solution File, Format Version 12.00
# Visual Studio Version 17
VisualStudioVersion = 17.13.35919.96 d17.13
MinimumVisualStudioVersion = 10.0.40219.1
Project("{FAE04EC0-301F-11D3-BF4B-00C04F79EFBC}") = "bai5", "bai5\bai5.csproj", "{A6AD94A8-B7A7-4000-880D-2E5AEABAB7CF}"
EndProject
Global
	GlobalSection(SolutionConfigurationPlatforms) = preSolution
		Debug|Any CPU = Debug|Any CPU
		Release|Any CPU = Release|Any CPU
	EndGlobalSection
	GlobalSection(ProjectConfigurationPlatforms) = postSolution
		{A6AD94A8-B7A7-4000-880D-2E5AEABAB7CF}.Debug|Any CPU.ActiveCfg = Debug|Any CPU
		{A6AD94A8-B7A7-4000-880D-2E5AEABAB7CF}.Debug|Any CPU.Build.0 = Debug|Any CPU
		{A6AD94A8-B7A7-4000-880D-2E5AEABAB7CF}.Release|Any CPU.ActiveCfg = Release|Any CPU
		{A6AD94A8-B7A7-4000-880D-2E5AEABAB7CF}.Release|Any CPU.Build.0 = Release|Any CPU
	EndGlobalSection
	GlobalSection(SolutionProperties) = preSolution
		HideSolutionNode = FALSE
	EndGlobalSection
	GlobalSection(ExtensibilityGlobals) = postSolution
		SolutionGuid = {711FCF3E-8192-41EF-A6E5-9C5DBD257180}
	EndGlobalSection
EndGlobal
