
Microsoft Visual Studio Solution File, Format Version 12.00
# Visual Studio Version 17
VisualStudioVersion = 17.13.35931.197 d17.13
MinimumVisualStudioVersion = 10.0.40219.1
Project("{FAE04EC0-301F-11D3-BF4B-00C04F79EFBC}") = "Lab 4", "Lab 4\Lab 4.csproj", "{B3DE7E49-BD22-43CE-8F60-59D02A2695AF}"
EndProject
Global
	GlobalSection(SolutionConfigurationPlatforms) = preSolution
		Debug|Any CPU = Debug|Any CPU
		Release|Any CPU = Release|Any CPU
	EndGlobalSection
	GlobalSection(ProjectConfigurationPlatforms) = postSolution
		{B3DE7E49-BD22-43CE-8F60-59D02A2695AF}.Debug|Any CPU.ActiveCfg = Debug|Any CPU
		{B3DE7E49-BD22-43CE-8F60-59D02A2695AF}.Debug|Any CPU.Build.0 = Debug|Any CPU
		{B3DE7E49-BD22-43CE-8F60-59D02A2695AF}.Release|Any CPU.ActiveCfg = Release|Any CPU
		{B3DE7E49-BD22-43CE-8F60-59D02A2695AF}.Release|Any CPU.Build.0 = Release|Any CPU
	EndGlobalSection
	GlobalSection(SolutionProperties) = preSolution
		HideSolutionNode = FALSE
	EndGlobalSection
	GlobalSection(ExtensibilityGlobals) = postSolution
		SolutionGuid = {B9A3EDA5-3953-4081-9ED9-F27065E19507}
	EndGlobalSection
EndGlobal
