
Microsoft Visual Studio Solution File, Format Version 12.00
# Visual Studio Version 17
VisualStudioVersion = 17.13.35919.96
MinimumVisualStudioVersion = 10.0.40219.1
Project("{FAE04EC0-301F-11D3-BF4B-00C04F79EFBC}") = "Bài 1", "Bài 1\Bài 1.csproj", "{524E03CF-25E0-4D70-AB1A-DF774FE7669C}"
EndProject
Project("{FAE04EC0-301F-11D3-BF4B-00C04F79EFBC}") = "Bài 2", "Bài 2\Bài 2.csproj", "{F6BB0875-A1E7-4DF0-B1BB-0EBA871D578D}"
EndProject
Project("{FAE04EC0-301F-11D3-BF4B-00C04F79EFBC}") = "Bài 3", "Bài 3\Bài 3.csproj", "{9D9D35B5-AF41-4271-BACD-02B9A7453335}"
EndProject
Project("{FAE04EC0-301F-11D3-BF4B-00C04F79EFBC}") = "Bài 4", "Bài 4\Bài 4.csproj", "{280F3368-8A1E-4E3C-8CDF-5F82055606EB}"
EndProject
Project("{FAE04EC0-301F-11D3-BF4B-00C04F79EFBC}") = "Bài 5", "Bài 5\Bài 5.csproj", "{D1866009-BC27-41D0-8988-542E687DC8DA}"
EndProject
Project("{FAE04EC0-301F-11D3-BF4B-00C04F79EFBC}") = "Bài 7", "Bài 7\Bài 7.csproj", "{0D1A442C-C3A0-4ACA-8064-621D5976D487}"
EndProject
Project("{FAE04EC0-301F-11D3-BF4B-00C04F79EFBC}") = "Bài 6", "Bài 6\Bài 6.csproj", "{E6452C51-0E91-4AB4-AD6E-FB16ACBEDB93}"
EndProject
Project("{FAE04EC0-301F-11D3-BF4B-00C04F79EFBC}") = "Bài 8", "Bài 8\Bài 8.csproj", "{423123F3-2D13-40B8-849E-9E301825E56B}"
EndProject
Project("{FAE04EC0-301F-11D3-BF4B-00C04F79EFBC}") = "Bài 9", "Bài 9\Bài 9.csproj", "{82A00D00-3611-4498-9742-523507B505E7}"
EndProject
Project("{FAE04EC0-301F-11D3-BF4B-00C04F79EFBC}") = "Bài 10", "Bài 10\Bài 10.csproj", "{C9C2C960-47F3-485C-A513-F92B8BC212BD}"
EndProject
Project("{FAE04EC0-301F-11D3-BF4B-00C04F79EFBC}") = "Bài 11", "Bài 11\Bài 11.csproj", "{EC811D62-B40A-4BD4-951D-F31717E9A623}"
EndProject
Project("{FAE04EC0-301F-11D3-BF4B-00C04F79EFBC}") = "Bài 12", "Bài 12\Bài 12.csproj", "{CB3B4207-8E4C-4E60-9B5F-82008E495EA7}"
EndProject
Project("{FAE04EC0-301F-11D3-BF4B-00C04F79EFBC}") = "Bài 14", "Bài 14\Bài 14.csproj", "{2388CD0D-BE0D-46F7-89AA-B7255107064C}"
EndProject
Project("{FAE04EC0-301F-11D3-BF4B-00C04F79EFBC}") = "Bài 13", "Bài 13\Bài 13.csproj", "{DFEF0D2D-FE17-43D9-A5F9-F85D4B3CB799}"
EndProject
Project("{FAE04EC0-301F-11D3-BF4B-00C04F79EFBC}") = "Bài 15", "Bài 15\Bài 15.csproj", "{A72BDB6A-8D58-4315-80B3-5611A03C9C4D}"
EndProject
Project("{FAE04EC0-301F-11D3-BF4B-00C04F79EFBC}") = "Bài 16", "Bài 16\Bài 16.csproj", "{23812686-04F5-40B0-9852-7709AE413EFA}"
EndProject
Project("{FAE04EC0-301F-11D3-BF4B-00C04F79EFBC}") = "Bài 17", "Bài 17\Bài 17.csproj", "{D10172FF-CE75-4834-A59B-A5B67A4F92DA}"
EndProject
Project("{FAE04EC0-301F-11D3-BF4B-00C04F79EFBC}") = "Bài 18", "Bài 18\Bài 18.csproj", "{3912290C-5C3A-42DA-98A1-B9522A7B99D9}"
EndProject
Project("{FAE04EC0-301F-11D3-BF4B-00C04F79EFBC}") = "Bài 19", "Bài 19\Bài 19.csproj", "{5F693BBA-7D45-436B-97F5-808A48AC2A90}"
EndProject
Project("{FAE04EC0-301F-11D3-BF4B-00C04F79EFBC}") = "Bài 20", "Bài 20\Bài 20.csproj", "{4ACCA5A1-06D7-497F-BF16-B428E9CBF746}"
EndProject
Project("{FAE04EC0-301F-11D3-BF4B-00C04F79EFBC}") = "Bài 21", "Bài 21\Bài 21.csproj", "{1A4DA93F-515E-449B-9BB9-48309F74F9F5}"
EndProject
Project("{FAE04EC0-301F-11D3-BF4B-00C04F79EFBC}") = "Bài 22", "Bài 22\Bài 22.csproj", "{11A48BAF-705F-4565-AE3E-514D20EAC8D4}"
EndProject
Global
	GlobalSection(SolutionConfigurationPlatforms) = preSolution
		Debug|Any CPU = Debug|Any CPU
		Release|Any CPU = Release|Any CPU
	EndGlobalSection
	GlobalSection(ProjectConfigurationPlatforms) = postSolution
		{524E03CF-25E0-4D70-AB1A-DF774FE7669C}.Debug|Any CPU.ActiveCfg = Debug|Any CPU
		{524E03CF-25E0-4D70-AB1A-DF774FE7669C}.Debug|Any CPU.Build.0 = Debug|Any CPU
		{524E03CF-25E0-4D70-AB1A-DF774FE7669C}.Release|Any CPU.ActiveCfg = Release|Any CPU
		{524E03CF-25E0-4D70-AB1A-DF774FE7669C}.Release|Any CPU.Build.0 = Release|Any CPU
		{F6BB0875-A1E7-4DF0-B1BB-0EBA871D578D}.Debug|Any CPU.ActiveCfg = Debug|Any CPU
		{F6BB0875-A1E7-4DF0-B1BB-0EBA871D578D}.Debug|Any CPU.Build.0 = Debug|Any CPU
		{F6BB0875-A1E7-4DF0-B1BB-0EBA871D578D}.Release|Any CPU.ActiveCfg = Release|Any CPU
		{F6BB0875-A1E7-4DF0-B1BB-0EBA871D578D}.Release|Any CPU.Build.0 = Release|Any CPU
		{9D9D35B5-AF41-4271-BACD-02B9A7453335}.Debug|Any CPU.ActiveCfg = Debug|Any CPU
		{9D9D35B5-AF41-4271-BACD-02B9A7453335}.Debug|Any CPU.Build.0 = Debug|Any CPU
		{9D9D35B5-AF41-4271-BACD-02B9A7453335}.Release|Any CPU.ActiveCfg = Release|Any CPU
		{9D9D35B5-AF41-4271-BACD-02B9A7453335}.Release|Any CPU.Build.0 = Release|Any CPU
		{280F3368-8A1E-4E3C-8CDF-5F82055606EB}.Debug|Any CPU.ActiveCfg = Debug|Any CPU
		{280F3368-8A1E-4E3C-8CDF-5F82055606EB}.Debug|Any CPU.Build.0 = Debug|Any CPU
		{280F3368-8A1E-4E3C-8CDF-5F82055606EB}.Release|Any CPU.ActiveCfg = Release|Any CPU
		{280F3368-8A1E-4E3C-8CDF-5F82055606EB}.Release|Any CPU.Build.0 = Release|Any CPU
		{D1866009-BC27-41D0-8988-542E687DC8DA}.Debug|Any CPU.ActiveCfg = Debug|Any CPU
		{D1866009-BC27-41D0-8988-542E687DC8DA}.Debug|Any CPU.Build.0 = Debug|Any CPU
		{D1866009-BC27-41D0-8988-542E687DC8DA}.Release|Any CPU.ActiveCfg = Release|Any CPU
		{D1866009-BC27-41D0-8988-542E687DC8DA}.Release|Any CPU.Build.0 = Release|Any CPU
		{0D1A442C-C3A0-4ACA-8064-621D5976D487}.Debug|Any CPU.ActiveCfg = Debug|Any CPU
		{0D1A442C-C3A0-4ACA-8064-621D5976D487}.Debug|Any CPU.Build.0 = Debug|Any CPU
		{0D1A442C-C3A0-4ACA-8064-621D5976D487}.Release|Any CPU.ActiveCfg = Release|Any CPU
		{0D1A442C-C3A0-4ACA-8064-621D5976D487}.Release|Any CPU.Build.0 = Release|Any CPU
		{E6452C51-0E91-4AB4-AD6E-FB16ACBEDB93}.Debug|Any CPU.ActiveCfg = Debug|Any CPU
		{E6452C51-0E91-4AB4-AD6E-FB16ACBEDB93}.Debug|Any CPU.Build.0 = Debug|Any CPU
		{E6452C51-0E91-4AB4-AD6E-FB16ACBEDB93}.Release|Any CPU.ActiveCfg = Release|Any CPU
		{E6452C51-0E91-4AB4-AD6E-FB16ACBEDB93}.Release|Any CPU.Build.0 = Release|Any CPU
		{423123F3-2D13-40B8-849E-9E301825E56B}.Debug|Any CPU.ActiveCfg = Debug|Any CPU
		{423123F3-2D13-40B8-849E-9E301825E56B}.Debug|Any CPU.Build.0 = Debug|Any CPU
		{423123F3-2D13-40B8-849E-9E301825E56B}.Release|Any CPU.ActiveCfg = Release|Any CPU
		{423123F3-2D13-40B8-849E-9E301825E56B}.Release|Any CPU.Build.0 = Release|Any CPU
		{82A00D00-3611-4498-9742-523507B505E7}.Debug|Any CPU.ActiveCfg = Debug|Any CPU
		{82A00D00-3611-4498-9742-523507B505E7}.Debug|Any CPU.Build.0 = Debug|Any CPU
		{82A00D00-3611-4498-9742-523507B505E7}.Release|Any CPU.ActiveCfg = Release|Any CPU
		{82A00D00-3611-4498-9742-523507B505E7}.Release|Any CPU.Build.0 = Release|Any CPU
		{C9C2C960-47F3-485C-A513-F92B8BC212BD}.Debug|Any CPU.ActiveCfg = Debug|Any CPU
		{C9C2C960-47F3-485C-A513-F92B8BC212BD}.Debug|Any CPU.Build.0 = Debug|Any CPU
		{C9C2C960-47F3-485C-A513-F92B8BC212BD}.Release|Any CPU.ActiveCfg = Release|Any CPU
		{C9C2C960-47F3-485C-A513-F92B8BC212BD}.Release|Any CPU.Build.0 = Release|Any CPU
		{EC811D62-B40A-4BD4-951D-F31717E9A623}.Debug|Any CPU.ActiveCfg = Debug|Any CPU
		{EC811D62-B40A-4BD4-951D-F31717E9A623}.Debug|Any CPU.Build.0 = Debug|Any CPU
		{EC811D62-B40A-4BD4-951D-F31717E9A623}.Release|Any CPU.ActiveCfg = Release|Any CPU
		{EC811D62-B40A-4BD4-951D-F31717E9A623}.Release|Any CPU.Build.0 = Release|Any CPU
		{CB3B4207-8E4C-4E60-9B5F-82008E495EA7}.Debug|Any CPU.ActiveCfg = Debug|Any CPU
		{CB3B4207-8E4C-4E60-9B5F-82008E495EA7}.Debug|Any CPU.Build.0 = Debug|Any CPU
		{CB3B4207-8E4C-4E60-9B5F-82008E495EA7}.Release|Any CPU.ActiveCfg = Release|Any CPU
		{CB3B4207-8E4C-4E60-9B5F-82008E495EA7}.Release|Any CPU.Build.0 = Release|Any CPU
		{2388CD0D-BE0D-46F7-89AA-B7255107064C}.Debug|Any CPU.ActiveCfg = Debug|Any CPU
		{2388CD0D-BE0D-46F7-89AA-B7255107064C}.Debug|Any CPU.Build.0 = Debug|Any CPU
		{2388CD0D-BE0D-46F7-89AA-B7255107064C}.Release|Any CPU.ActiveCfg = Release|Any CPU
		{2388CD0D-BE0D-46F7-89AA-B7255107064C}.Release|Any CPU.Build.0 = Release|Any CPU
		{DFEF0D2D-FE17-43D9-A5F9-F85D4B3CB799}.Debug|Any CPU.ActiveCfg = Debug|Any CPU
		{DFEF0D2D-FE17-43D9-A5F9-F85D4B3CB799}.Debug|Any CPU.Build.0 = Debug|Any CPU
		{DFEF0D2D-FE17-43D9-A5F9-F85D4B3CB799}.Release|Any CPU.ActiveCfg = Release|Any CPU
		{DFEF0D2D-FE17-43D9-A5F9-F85D4B3CB799}.Release|Any CPU.Build.0 = Release|Any CPU
		{A72BDB6A-8D58-4315-80B3-5611A03C9C4D}.Debug|Any CPU.ActiveCfg = Debug|Any CPU
		{A72BDB6A-8D58-4315-80B3-5611A03C9C4D}.Debug|Any CPU.Build.0 = Debug|Any CPU
		{A72BDB6A-8D58-4315-80B3-5611A03C9C4D}.Release|Any CPU.ActiveCfg = Release|Any CPU
		{A72BDB6A-8D58-4315-80B3-5611A03C9C4D}.Release|Any CPU.Build.0 = Release|Any CPU
		{23812686-04F5-40B0-9852-7709AE413EFA}.Debug|Any CPU.ActiveCfg = Debug|Any CPU
		{23812686-04F5-40B0-9852-7709AE413EFA}.Debug|Any CPU.Build.0 = Debug|Any CPU
		{23812686-04F5-40B0-9852-7709AE413EFA}.Release|Any CPU.ActiveCfg = Release|Any CPU
		{23812686-04F5-40B0-9852-7709AE413EFA}.Release|Any CPU.Build.0 = Release|Any CPU
		{D10172FF-CE75-4834-A59B-A5B67A4F92DA}.Debug|Any CPU.ActiveCfg = Debug|Any CPU
		{D10172FF-CE75-4834-A59B-A5B67A4F92DA}.Debug|Any CPU.Build.0 = Debug|Any CPU
		{D10172FF-CE75-4834-A59B-A5B67A4F92DA}.Release|Any CPU.ActiveCfg = Release|Any CPU
		{D10172FF-CE75-4834-A59B-A5B67A4F92DA}.Release|Any CPU.Build.0 = Release|Any CPU
		{3912290C-5C3A-42DA-98A1-B9522A7B99D9}.Debug|Any CPU.ActiveCfg = Debug|Any CPU
		{3912290C-5C3A-42DA-98A1-B9522A7B99D9}.Debug|Any CPU.Build.0 = Debug|Any CPU
		{3912290C-5C3A-42DA-98A1-B9522A7B99D9}.Release|Any CPU.ActiveCfg = Release|Any CPU
		{3912290C-5C3A-42DA-98A1-B9522A7B99D9}.Release|Any CPU.Build.0 = Release|Any CPU
		{5F693BBA-7D45-436B-97F5-808A48AC2A90}.Debug|Any CPU.ActiveCfg = Debug|Any CPU
		{5F693BBA-7D45-436B-97F5-808A48AC2A90}.Debug|Any CPU.Build.0 = Debug|Any CPU
		{5F693BBA-7D45-436B-97F5-808A48AC2A90}.Release|Any CPU.ActiveCfg = Release|Any CPU
		{5F693BBA-7D45-436B-97F5-808A48AC2A90}.Release|Any CPU.Build.0 = Release|Any CPU
		{4ACCA5A1-06D7-497F-BF16-B428E9CBF746}.Debug|Any CPU.ActiveCfg = Debug|Any CPU
		{4ACCA5A1-06D7-497F-BF16-B428E9CBF746}.Debug|Any CPU.Build.0 = Debug|Any CPU
		{4ACCA5A1-06D7-497F-BF16-B428E9CBF746}.Release|Any CPU.ActiveCfg = Release|Any CPU
		{4ACCA5A1-06D7-497F-BF16-B428E9CBF746}.Release|Any CPU.Build.0 = Release|Any CPU
		{1A4DA93F-515E-449B-9BB9-48309F74F9F5}.Debug|Any CPU.ActiveCfg = Debug|Any CPU
		{1A4DA93F-515E-449B-9BB9-48309F74F9F5}.Debug|Any CPU.Build.0 = Debug|Any CPU
		{1A4DA93F-515E-449B-9BB9-48309F74F9F5}.Release|Any CPU.ActiveCfg = Release|Any CPU
		{1A4DA93F-515E-449B-9BB9-48309F74F9F5}.Release|Any CPU.Build.0 = Release|Any CPU
		{11A48BAF-705F-4565-AE3E-514D20EAC8D4}.Debug|Any CPU.ActiveCfg = Debug|Any CPU
		{11A48BAF-705F-4565-AE3E-514D20EAC8D4}.Debug|Any CPU.Build.0 = Debug|Any CPU
		{11A48BAF-705F-4565-AE3E-514D20EAC8D4}.Release|Any CPU.ActiveCfg = Release|Any CPU
		{11A48BAF-705F-4565-AE3E-514D20EAC8D4}.Release|Any CPU.Build.0 = Release|Any CPU
	EndGlobalSection
	GlobalSection(SolutionProperties) = preSolution
		HideSolutionNode = FALSE
	EndGlobalSection
	GlobalSection(ExtensibilityGlobals) = postSolution
		SolutionGuid = {1F9CDEAD-0BB8-455E-8B36-64B9E0797ACB}
	EndGlobalSection
EndGlobal
