
Microsoft Visual Studio Solution File, Format Version 12.00
# Visual Studio Version 17
VisualStudioVersion = 17.13.35919.96 d17.13
MinimumVisualStudioVersion = 10.0.40219.1
Project("{FAE04EC0-301F-11D3-BF4B-00C04F79EFBC}") = "Lab3", "Lab3\Lab3.csproj", "{49933D00-0807-4DB4-8152-C82F1E71396F}"
EndProject
Global
	GlobalSection(SolutionConfigurationPlatforms) = preSolution
		Debug|Any CPU = Debug|Any CPU
		Release|Any CPU = Release|Any CPU
	EndGlobalSection
	GlobalSection(ProjectConfigurationPlatforms) = postSolution
		{49933D00-0807-4DB4-8152-C82F1E71396F}.Debug|Any CPU.ActiveCfg = Debug|Any CPU
		{49933D00-0807-4DB4-8152-C82F1E71396F}.Debug|Any CPU.Build.0 = Debug|Any CPU
		{49933D00-0807-4DB4-8152-C82F1E71396F}.Release|Any CPU.ActiveCfg = Release|Any CPU
		{49933D00-0807-4DB4-8152-C82F1E71396F}.Release|Any CPU.Build.0 = Release|Any CPU
	EndGlobalSection
	GlobalSection(SolutionProperties) = preSolution
		HideSolutionNode = FALSE
	EndGlobalSection
	GlobalSection(ExtensibilityGlobals) = postSolution
		SolutionGuid = {849A8CAD-0823-4773-9E65-D204F9A87C47}
	EndGlobalSection
EndGlobal
