
Microsoft Visual Studio Solution File, Format Version 12.00
# Visual Studio Version 17
VisualStudioVersion = 17.13.35919.96 d17.13
MinimumVisualStudioVersion = 10.0.40219.1
Project("{FAE04EC0-301F-11D3-BF4B-00C04F79EFBC}") = "bai2.cs", "bai2.cs\bai2.cs.csproj", "{0B2D3908-2CBF-416F-9DE1-8F23326861EB}"
EndProject
Global
	GlobalSection(SolutionConfigurationPlatforms) = preSolution
		Debug|Any CPU = Debug|Any CPU
		Release|Any CPU = Release|Any CPU
	EndGlobalSection
	GlobalSection(ProjectConfigurationPlatforms) = postSolution
		{0B2D3908-2CBF-416F-9DE1-8F23326861EB}.Debug|Any CPU.ActiveCfg = Debug|Any CPU
		{0B2D3908-2CBF-416F-9DE1-8F23326861EB}.Debug|Any CPU.Build.0 = Debug|Any CPU
		{0B2D3908-2CBF-416F-9DE1-8F23326861EB}.Release|Any CPU.ActiveCfg = Release|Any CPU
		{0B2D3908-2CBF-416F-9DE1-8F23326861EB}.Release|Any CPU.Build.0 = Release|Any CPU
	EndGlobalSection
	GlobalSection(SolutionProperties) = preSolution
		HideSolutionNode = FALSE
	EndGlobalSection
	GlobalSection(ExtensibilityGlobals) = postSolution
		SolutionGuid = {7B544791-B7EA-4A2F-AF5F-858F818306E6}
	EndGlobalSection
EndGlobal
